
Microsoft Visual Studio Solution File, Format Version 12.00
# Visual Studio 2012
Project("{FAE04EC0-301F-11D3-BF4B-00C04F79EFBC}") = "Bowling.Core", "Bowling\Bowling.Core.csproj", "{F1941FFE-A17D-4A65-87D7-AE8FF2BF9715}"
EndProject
Project("{FAE04EC0-301F-11D3-BF4B-00C04F79EFBC}") = "Bowling.Tests", "Bowling.Tests\Bowling.Tests.csproj", "{43818ED2-889A-48D2-BA05-7A967E103481}"
EndProject
Global
	GlobalSection(SolutionConfigurationPlatforms) = preSolution
		Debug|Any CPU = Debug|Any CPU
		Release|Any CPU = Release|Any CPU
	EndGlobalSection
	GlobalSection(ProjectConfigurationPlatforms) = postSolution
		{F1941FFE-A17D-4A65-87D7-AE8FF2BF9715}.Debug|Any CPU.ActiveCfg = Debug|Any CPU
		{F1941FFE-A17D-4A65-87D7-AE8FF2BF9715}.Debug|Any CPU.Build.0 = Debug|Any CPU
		{F1941FFE-A17D-4A65-87D7-AE8FF2BF9715}.Release|Any CPU.ActiveCfg = Release|Any CPU
		{F1941FFE-A17D-4A65-87D7-AE8FF2BF9715}.Release|Any CPU.Build.0 = Release|Any CPU
		{43818ED2-889A-48D2-BA05-7A967E103481}.Debug|Any CPU.ActiveCfg = Debug|Any CPU
		{43818ED2-889A-48D2-BA05-7A967E103481}.Debug|Any CPU.Build.0 = Debug|Any CPU
		{43818ED2-889A-48D2-BA05-7A967E103481}.Release|Any CPU.ActiveCfg = Release|Any CPU
		{43818ED2-889A-48D2-BA05-7A967E103481}.Release|Any CPU.Build.0 = Release|Any CPU
	EndGlobalSection
	GlobalSection(SolutionProperties) = preSolution
		HideSolutionNode = FALSE
	EndGlobalSection
EndGlobal
